
Microsoft Visual Studio Solution File, Format Version 12.00
# Visual Studio Version 17
VisualStudioVersion = 17.9.34622.214
MinimumVisualStudioVersion = 10.0.40219.1
Project("{FAE04EC0-301F-11D3-BF4B-00C04F79EFBC}") = "server", "server\server.csproj", "{E5BE982A-DE6B-4ECF-BB59-518B7B141D9F}"
EndProject
Project("{FAE04EC0-301F-11D3-BF4B-00C04F79EFBC}") = "client", "client\client.csproj", "{2FEF51C9-BA8E-4DB6-8126-1CE85F6257E0}"
EndProject
Global
	GlobalSection(SolutionConfigurationPlatforms) = preSolution
		Debug|Any CPU = Debug|Any CPU
		Release|Any CPU = Release|Any CPU
	EndGlobalSection
	GlobalSection(ProjectConfigurationPlatforms) = postSolution
		{E5BE982A-DE6B-4ECF-BB59-518B7B141D9F}.Debug|Any CPU.ActiveCfg = Debug|Any CPU
		{E5BE982A-DE6B-4ECF-BB59-518B7B141D9F}.Debug|Any CPU.Build.0 = Debug|Any CPU
		{E5BE982A-DE6B-4ECF-BB59-518B7B141D9F}.Release|Any CPU.ActiveCfg = Release|Any CPU
		{E5BE982A-DE6B-4ECF-BB59-518B7B141D9F}.Release|Any CPU.Build.0 = Release|Any CPU
		{2FEF51C9-BA8E-4DB6-8126-1CE85F6257E0}.Debug|Any CPU.ActiveCfg = Debug|Any CPU
		{2FEF51C9-BA8E-4DB6-8126-1CE85F6257E0}.Debug|Any CPU.Build.0 = Debug|Any CPU
		{2FEF51C9-BA8E-4DB6-8126-1CE85F6257E0}.Release|Any CPU.ActiveCfg = Release|Any CPU
		{2FEF51C9-BA8E-4DB6-8126-1CE85F6257E0}.Release|Any CPU.Build.0 = Release|Any CPU
	EndGlobalSection
	GlobalSection(SolutionProperties) = preSolution
		HideSolutionNode = FALSE
	EndGlobalSection
	GlobalSection(ExtensibilityGlobals) = postSolution
		SolutionGuid = {B140653F-5ADE-4121-96AF-D0A8AB9260F7}
	EndGlobalSection
EndGlobal
